
Microsoft Visual Studio Solution File, Format Version 12.00
# Visual Studio 15
VisualStudioVersion = 15.0.27130.0
MinimumVisualStudioVersion = 10.0.40219.1
Project("{9A19103F-16F7-4668-BE54-9A1E7A4F7556}") = "SC.ObjectCloner", "SC.ObjectCloner\SC.ObjectCloner.csproj", "{99588C4B-6B94-4E3D-9C45-F86427B343A7}"
EndProject
Project("{FAE04EC0-301F-11D3-BF4B-00C04F79EFBC}") = "SC.ObjectCloner.Tests", "SC.ObjectCLoner.Tests\SC.ObjectCloner.Tests.csproj", "{58DC04C7-7100-413F-919C-2770B5D3AC68}"
EndProject
Global
	GlobalSection(SolutionConfigurationPlatforms) = preSolution
		Debug|Any CPU = Debug|Any CPU
		Release|Any CPU = Release|Any CPU
	EndGlobalSection
	GlobalSection(ProjectConfigurationPlatforms) = postSolution
		{99588C4B-6B94-4E3D-9C45-F86427B343A7}.Debug|Any CPU.ActiveCfg = Debug|Any CPU
		{99588C4B-6B94-4E3D-9C45-F86427B343A7}.Debug|Any CPU.Build.0 = Debug|Any CPU
		{99588C4B-6B94-4E3D-9C45-F86427B343A7}.Release|Any CPU.ActiveCfg = Release|Any CPU
		{99588C4B-6B94-4E3D-9C45-F86427B343A7}.Release|Any CPU.Build.0 = Release|Any CPU
		{58DC04C7-7100-413F-919C-2770B5D3AC68}.Debug|Any CPU.ActiveCfg = Debug|Any CPU
		{58DC04C7-7100-413F-919C-2770B5D3AC68}.Debug|Any CPU.Build.0 = Debug|Any CPU
		{58DC04C7-7100-413F-919C-2770B5D3AC68}.Release|Any CPU.ActiveCfg = Release|Any CPU
		{58DC04C7-7100-413F-919C-2770B5D3AC68}.Release|Any CPU.Build.0 = Release|Any CPU
	EndGlobalSection
	GlobalSection(SolutionProperties) = preSolution
		HideSolutionNode = FALSE
	EndGlobalSection
	GlobalSection(ExtensibilityGlobals) = postSolution
		SolutionGuid = {3815FF05-4771-4DC1-BFA9-FAF6E61F1E72}
	EndGlobalSection
EndGlobal
